
Microsoft Visual Studio Solution File, Format Version 12.00
# Visual Studio Version 16
VisualStudioVersion = 16.0.29418.71
MinimumVisualStudioVersion = 10.0.40219.1
Project("{9A19103F-16F7-4668-BE54-9A1E7A4F7556}") = "Antojitos", "Antojitos\Antojitos.csproj", "{20190295-A420-4733-8379-42CC0EEC0E75}"
EndProject
Project("{9A19103F-16F7-4668-BE54-9A1E7A4F7556}") = "AntojitosApi", "AntojitosApi\AntojitosApi.csproj", "{1414E8C5-A141-4CB4-870D-4723662B217C}"
EndProject
Project("{9A19103F-16F7-4668-BE54-9A1E7A4F7556}") = "AntojitoModel", "AntojitoModel\AntojitoModel.csproj", "{0EBBAC35-95ED-4740-872B-F5630C167919}"
EndProject
Project("{9A19103F-16F7-4668-BE54-9A1E7A4F7556}") = "AntojitoBusiness", "AntojitoBusiness\AntojitoBusiness.csproj", "{435CB952-3208-47D9-881B-838CC171AC8E}"
EndProject
Global
	GlobalSection(SolutionConfigurationPlatforms) = preSolution
		Debug|Any CPU = Debug|Any CPU
		Release|Any CPU = Release|Any CPU
	EndGlobalSection
	GlobalSection(ProjectConfigurationPlatforms) = postSolution
		{20190295-A420-4733-8379-42CC0EEC0E75}.Debug|Any CPU.ActiveCfg = Debug|Any CPU
		{20190295-A420-4733-8379-42CC0EEC0E75}.Debug|Any CPU.Build.0 = Debug|Any CPU
		{20190295-A420-4733-8379-42CC0EEC0E75}.Release|Any CPU.ActiveCfg = Release|Any CPU
		{20190295-A420-4733-8379-42CC0EEC0E75}.Release|Any CPU.Build.0 = Release|Any CPU
		{1414E8C5-A141-4CB4-870D-4723662B217C}.Debug|Any CPU.ActiveCfg = Debug|Any CPU
		{1414E8C5-A141-4CB4-870D-4723662B217C}.Debug|Any CPU.Build.0 = Debug|Any CPU
		{1414E8C5-A141-4CB4-870D-4723662B217C}.Release|Any CPU.ActiveCfg = Release|Any CPU
		{1414E8C5-A141-4CB4-870D-4723662B217C}.Release|Any CPU.Build.0 = Release|Any CPU
		{0EBBAC35-95ED-4740-872B-F5630C167919}.Debug|Any CPU.ActiveCfg = Debug|Any CPU
		{0EBBAC35-95ED-4740-872B-F5630C167919}.Debug|Any CPU.Build.0 = Debug|Any CPU
		{0EBBAC35-95ED-4740-872B-F5630C167919}.Release|Any CPU.ActiveCfg = Release|Any CPU
		{0EBBAC35-95ED-4740-872B-F5630C167919}.Release|Any CPU.Build.0 = Release|Any CPU
		{435CB952-3208-47D9-881B-838CC171AC8E}.Debug|Any CPU.ActiveCfg = Debug|Any CPU
		{435CB952-3208-47D9-881B-838CC171AC8E}.Debug|Any CPU.Build.0 = Debug|Any CPU
		{435CB952-3208-47D9-881B-838CC171AC8E}.Release|Any CPU.ActiveCfg = Release|Any CPU
		{435CB952-3208-47D9-881B-838CC171AC8E}.Release|Any CPU.Build.0 = Release|Any CPU
	EndGlobalSection
	GlobalSection(SolutionProperties) = preSolution
		HideSolutionNode = FALSE
	EndGlobalSection
	GlobalSection(ExtensibilityGlobals) = postSolution
		SolutionGuid = {50024E9A-D5CB-4123-8007-2AE168BD1B1C}
	EndGlobalSection
EndGlobal
